# This file is automatically @generated by Cargo.
# It is not intended for manual editing.
version = 3

[[package]]
name = "bitflags"
version = "0.1.1"
source = "registry+https://github.com/rust-lang/crates.io-index"
checksum = "2a6577517ecd0ee0934f48a7295a89aaef3e6dfafeac404f94c0b3448518ddfe"

[[package]]
name = "cookie"
version = "0.16.0"
source = "registry+https://github.com/rust-lang/crates.io-index"
checksum = "94d4706de1b0fa5b132270cddffa8585166037822e260a944fe161acd137ca05"
dependencies = [
 "time 0.3.9",
 "version_check",
]

[[package]]
name = "gcc"
version = "0.3.8"
source = "registry+https://github.com/rust-lang/crates.io-index"
checksum = "a513778819ab90cf253c6a60a28925e8abe5c25752719adc3a3ecc8561664c8c"

[[package]]
name = "groupable"
version = "0.2.0"
source = "registry+https://github.com/rust-lang/crates.io-index"
checksum = "32619942b8be646939eaf3db0602b39f5229b74575b67efc897811ded1db4e57"

[[package]]
name = "httparse"
version = "0.1.4"
source = "registry+https://github.com/rust-lang/crates.io-index"
checksum = "2ca577779f5ffe2dfe5f519b86065d802fe9dddbd6e6c59fd0ab7b7527ca669c"

[[package]]
name = "hyper"
version = "0.4.0"
source = "registry+https://github.com/rust-lang/crates.io-index"
checksum = "6d6579911553528994f2c99db6ae1cf5d71e3b8b2a618fbded55185bc8f3395d"
dependencies = [
 "cookie",
 "httparse",
 "log",
 "mime",
 "num_cpus",
 "openssl",
 "rustc-serialize",
 "time 0.1.26",
 "traitobject",
 "typeable",
 "unicase",
 "url",
]

[[package]]
name = "itoa"
version = "1.0.2"
source = "registry+https://github.com/rust-lang/crates.io-index"
checksum = "112c678d4050afce233f4f2852bb2eb519230b3cf12f33585275537d7e41578d"

[[package]]
name = "lazy_static"
version = "0.1.11"
source = "registry+https://github.com/rust-lang/crates.io-index"
checksum = "e28c1b44cbc32bd37553b2c1b2d3f744ffadb6ce26381c9018492364ecb525d0"

[[package]]
name = "libc"
version = "0.1.8"
source = "registry+https://github.com/rust-lang/crates.io-index"
checksum = "a64b9ad3eea69f6f43b87c07c0534505a68c8834ad4c6bad4089de15e45cec83"

[[package]]
name = "libc"
version = "0.2.126"
source = "registry+https://github.com/rust-lang/crates.io-index"
checksum = "349d5a591cd28b49e1d1037471617a32ddcda5731b99419008085f72d5a53836"

[[package]]
name = "libressl-pnacl-sys"
version = "2.1.5"
source = "registry+https://github.com/rust-lang/crates.io-index"
checksum = "aebb4b32c6b607f737d921dde41712e00905a77f5968b5471466534e34ab447c"
dependencies = [
 "pnacl-build-helper",
]

[[package]]
name = "log"
version = "0.3.1"
source = "registry+https://github.com/rust-lang/crates.io-index"
checksum = "d2ee3324e161fe61168b08bcd096f1e023d14f0777a076ba14d1825ea3b99d40"
dependencies = [
 "libc 0.1.8",
]

[[package]]
name = "matches"
version = "0.1.2"
source = "registry+https://github.com/rust-lang/crates.io-index"
checksum = "15305656809ce5a4805b1ff2946892810992197ce1270ff79baded852187942e"

[[package]]
name = "mime"
version = "0.0.12"
source = "registry+https://github.com/rust-lang/crates.io-index"
checksum = "f3add5b9179623d1ce3d8272b67ac383e8e7fdfb915280c722c6f04887f9e9d1"
dependencies = [
 "log",
]

[[package]]
name = "modifier"
version = "0.1.0"
source = "registry+https://github.com/rust-lang/crates.io-index"
checksum = "41f5c9112cb662acd3b204077e0de5bc66305fa8df65c8019d5adb10e9ab6e58"

[[package]]
name = "mustache"
version = "0.6.1"
source = "registry+https://github.com/rust-lang/crates.io-index"
checksum = "e83863bf51ce15057861c61de18a73a298e20ec029a96d56ca3b08408e7495ce"
dependencies = [
 "log",
 "rustc-serialize",
]

[[package]]
name = "nickel"
version = "0.5.0"
source = "registry+https://github.com/rust-lang/crates.io-index"
checksum = "6a08df09320b02421cd837932bd37a49bc41d5d25c5a7a05006c7db9ef24a693"
dependencies = [
 "groupable",
 "hyper",
 "lazy_static",
 "log",
 "modifier",
 "mustache",
 "plugin",
 "regex",
 "rustc-serialize",
 "time 0.1.26",
 "typemap",
 "url",
]

[[package]]
name = "nickel-template"
version = "0.1.0"
dependencies = [
 "nickel",
]

[[package]]
name = "num_cpus"
version = "0.2.6"
source = "registry+https://github.com/rust-lang/crates.io-index"
checksum = "aed7a0c6b051811d1b6c6d36a77f5820d2b520c8e832ea47cb0754f90d340e31"
dependencies = [
 "libc 0.1.8",
]

[[package]]
name = "num_threads"
version = "0.1.6"
source = "registry+https://github.com/rust-lang/crates.io-index"
checksum = "2819ce041d2ee131036f4fc9d6ae7ae125a3a40e97ba64d04fe799ad9dabbb44"
dependencies = [
 "libc 0.2.126",
]

[[package]]
name = "openssl"
version = "0.6.2"
source = "registry+https://github.com/rust-lang/crates.io-index"
checksum = "3eb9177f6e48ea06acfa25820e063c5c14a22d00aa1036843b9a8afd76d13209"
dependencies = [
 "bitflags",
 "lazy_static",
 "libc 0.1.8",
 "openssl-sys",
]

[[package]]
name = "openssl-sys"
version = "0.6.2"
source = "registry+https://github.com/rust-lang/crates.io-index"
checksum = "c71176e711c8cac71c002e12f239849b190d96e491dfb88b79cef21725120de2"
dependencies = [
 "gcc",
 "libc 0.1.8",
 "libressl-pnacl-sys",
 "pkg-config",
]

[[package]]
name = "pkg-config"
version = "0.3.4"
source = "registry+https://github.com/rust-lang/crates.io-index"
checksum = "0b9f5685d8083d3955a9b8c97670d6bd8aa7d54877c778a1ca3afed54987b485"

[[package]]
name = "plugin"
version = "0.2.6"
source = "registry+https://github.com/rust-lang/crates.io-index"
checksum = "1a6a0dc3910bc8db877ffed8e457763b317cf880df4ae19109b9f77d277cf6e0"
dependencies = [
 "typemap",
]

[[package]]
name = "pnacl-build-helper"
version = "1.4.0"
source = "registry+https://github.com/rust-lang/crates.io-index"
checksum = "5091115a532f2f9c036e178b9f800de59208a666896947650bed9026e754e1da"
dependencies = [
 "tempdir",
]

[[package]]
name = "rand"
version = "0.3.8"
source = "registry+https://github.com/rust-lang/crates.io-index"
checksum = "b674087a811e0f96133764b93f2f95ab843c0ade512ca52fd5df732c93d4c596"
dependencies = [
 "libc 0.1.8",
]

[[package]]
name = "regex"
version = "0.1.33"
source = "registry+https://github.com/rust-lang/crates.io-index"
checksum = "9c29a1a053e897b8f935cedfe462335b64ebbd1245c8e3a3990dd5ada64445e9"
dependencies = [
 "regex-syntax",
]

[[package]]
name = "regex-syntax"
version = "0.1.2"
source = "registry+https://github.com/rust-lang/crates.io-index"
checksum = "d03100ee8ede2b1bdc656b5cffdd4bc72ca2ebc51a81a99e83b4afdfa5a83051"

[[package]]
name = "rustc-serialize"
version = "0.3.15"
source = "registry+https://github.com/rust-lang/crates.io-index"
checksum = "baa1d9cc07eb702f9229bc9353443000debfe346d2c53b54c9ee9307234525f2"

[[package]]
name = "tempdir"
version = "0.3.4"
source = "registry+https://github.com/rust-lang/crates.io-index"
checksum = "0b62933a3f96cd559700662c34f8bab881d9e3540289fb4f368419c7f13a5aa9"
dependencies = [
 "rand",
]

[[package]]
name = "time"
version = "0.1.26"
source = "registry+https://github.com/rust-lang/crates.io-index"
checksum = "1f9b6beb332c0937884a444f14d63872d44b75cc228c387b332dff50fb232e18"
dependencies = [
 "gcc",
 "libc 0.1.8",
]

[[package]]
name = "time"
version = "0.3.9"
source = "registry+https://github.com/rust-lang/crates.io-index"
checksum = "c2702e08a7a860f005826c6815dcac101b19b5eb330c27fe4a5928fec1d20ddd"
dependencies = [
 "itoa",
 "libc 0.2.126",
 "num_threads",
 "time-macros",
]

[[package]]
name = "time-macros"
version = "0.2.4"
source = "registry+https://github.com/rust-lang/crates.io-index"
checksum = "42657b1a6f4d817cda8e7a0ace261fe0cc946cf3a80314390b22cc61ae080792"

[[package]]
name = "traitobject"
version = "0.0.3"
source = "registry+https://github.com/rust-lang/crates.io-index"
checksum = "9dc23794ff47c95882da6f9d15de9a6be14987760a28cc0aafb40b7675ef09d8"

[[package]]
name = "typeable"
version = "0.1.2"
source = "registry+https://github.com/rust-lang/crates.io-index"
checksum = "1410f6f91f21d1612654e7cc69193b0334f909dcf2c790c4826254fbb86f8887"

[[package]]
name = "typemap"
version = "0.3.3"
source = "registry+https://github.com/rust-lang/crates.io-index"
checksum = "653be63c80a3296da5551e1bfd2cca35227e13cdd08c6668903ae2f4f77aa1f6"
dependencies = [
 "unsafe-any",
]

[[package]]
name = "unicase"
version = "0.1.0"
source = "registry+https://github.com/rust-lang/crates.io-index"
checksum = "eb36c77a753bc1b3e70d48b356fcdd97a23e6efca007b280dc020dd112018bfb"

[[package]]
name = "unsafe-any"
version = "0.4.1"
source = "registry+https://github.com/rust-lang/crates.io-index"
checksum = "b351086021ebc264aea3ab4f94d61d889d98e5e9ec2d985d993f50133537fd3a"
dependencies = [
 "traitobject",
]

[[package]]
name = "url"
version = "0.2.35"
source = "registry+https://github.com/rust-lang/crates.io-index"
checksum = "792ba7b0a4bb1de8887936321a041947144c8ed163760352413e57c1fe3608a2"
dependencies = [
 "matches",
 "rustc-serialize",
]

[[package]]
name = "version_check"
version = "0.9.4"
source = "registry+https://github.com/rust-lang/crates.io-index"
checksum = "49874b5167b65d7193b8aba1567f5c7d93d001cafc34600cee003eda787e483f"
